// !$*UTF8*$!
{
	archiveVersion = 1;
	classes = {
	};
	objectVersion = 50;
	objects = {

/* Begin PBXBuildFile section */
		D118899B25E5AC6B0018CF1C /* StackExample.swift in Sources */ = {isa = PBXBuildFile; fileRef = D118899A25E5AC6B0018CF1C /* StackExample.swift */; };
		D118899F25E5C2370018CF1C /* NetworkManager.swift in Sources */ = {isa = PBXBuildFile; fileRef = D118899E25E5C2370018CF1C /* NetworkManager.swift */; };
		D11889A425E5C5A50018CF1C /* Person.swift in Sources */ = {isa = PBXBuildFile; fileRef = D11889A325E5C5A50018CF1C /* Person.swift */; };
		D11889A825E5C7230018CF1C /* SWAPIEnvelope.swift in Sources */ = {isa = PBXBuildFile; fileRef = D11889A725E5C7230018CF1C /* SWAPIEnvelope.swift */; };
		D11889AB25E5C7320018CF1C /* Film.swift in Sources */ = {isa = PBXBuildFile; fileRef = D11889AA25E5C7320018CF1C /* Film.swift */; };
		D11926D325DFD5E100BDDDF4 /* AppDelegate.swift in Sources */ = {isa = PBXBuildFile; fileRef = D11926D225DFD5E100BDDDF4 /* AppDelegate.swift */; };
		D11926D525DFD5E100BDDDF4 /* SceneDelegate.swift in Sources */ = {isa = PBXBuildFile; fileRef = D11926D425DFD5E100BDDDF4 /* SceneDelegate.swift */; };
		D11926D725DFD5E100BDDDF4 /* ViewController.swift in Sources */ = {isa = PBXBuildFile; fileRef = D11926D625DFD5E100BDDDF4 /* ViewController.swift */; };
		D11926DA25DFD5E100BDDDF4 /* Main.storyboard in Resources */ = {isa = PBXBuildFile; fileRef = D11926D825DFD5E100BDDDF4 /* Main.storyboard */; };
		D11926DC25DFD5E900BDDDF4 /* Assets.xcassets in Resources */ = {isa = PBXBuildFile; fileRef = D11926DB25DFD5E900BDDDF4 /* Assets.xcassets */; };
		D11926DF25DFD5E900BDDDF4 /* LaunchScreen.storyboard in Resources */ = {isa = PBXBuildFile; fileRef = D11926DD25DFD5E900BDDDF4 /* LaunchScreen.storyboard */; };
/* End PBXBuildFile section */

/* Begin PBXFileReference section */
		D118899A25E5AC6B0018CF1C /* StackExample.swift */ = {isa = PBXFileReference; lastKnownFileType = sourcecode.swift; path = StackExample.swift; sourceTree = "<group>"; };
		D118899E25E5C2370018CF1C /* NetworkManager.swift */ = {isa = PBXFileReference; lastKnownFileType = sourcecode.swift; path = NetworkManager.swift; sourceTree = "<group>"; };
		D11889A325E5C5A50018CF1C /* Person.swift */ = {isa = PBXFileReference; lastKnownFileType = sourcecode.swift; path = Person.swift; sourceTree = "<group>"; };
		D11889A725E5C7230018CF1C /* SWAPIEnvelope.swift */ = {isa = PBXFileReference; lastKnownFileType = sourcecode.swift; path = SWAPIEnvelope.swift; sourceTree = "<group>"; };
		D11889AA25E5C7320018CF1C /* Film.swift */ = {isa = PBXFileReference; lastKnownFileType = sourcecode.swift; path = Film.swift; sourceTree = "<group>"; };
		D11926CF25DFD5E100BDDDF4 /* Generic.app */ = {isa = PBXFileReference; explicitFileType = wrapper.application; includeInIndex = 0; path = Generic.app; sourceTree = BUILT_PRODUCTS_DIR; };
		D11926D225DFD5E100BDDDF4 /* AppDelegate.swift */ = {isa = PBXFileReference; lastKnownFileType = sourcecode.swift; path = AppDelegate.swift; sourceTree = "<group>"; };
		D11926D425DFD5E100BDDDF4 /* SceneDelegate.swift */ = {isa = PBXFileReference; lastKnownFileType = sourcecode.swift; path = SceneDelegate.swift; sourceTree = "<group>"; };
		D11926D625DFD5E100BDDDF4 /* ViewController.swift */ = {isa = PBXFileReference; lastKnownFileType = sourcecode.swift; path = ViewController.swift; sourceTree = "<group>"; };
		D11926D925DFD5E100BDDDF4 /* Base */ = {isa = PBXFileReference; lastKnownFileType = file.storyboard; name = Base; path = Base.lproj/Main.storyboard; sourceTree = "<group>"; };
		D11926DB25DFD5E900BDDDF4 /* Assets.xcassets */ = {isa = PBXFileReference; lastKnownFileType = folder.assetcatalog; path = Assets.xcassets; sourceTree = "<group>"; };
		D11926DE25DFD5E900BDDDF4 /* Base */ = {isa = PBXFileReference; lastKnownFileType = file.storyboard; name = Base; path = Base.lproj/LaunchScreen.storyboard; sourceTree = "<group>"; };
		D11926E025DFD5E900BDDDF4 /* Info.plist */ = {isa = PBXFileReference; lastKnownFileType = text.plist.xml; path = Info.plist; sourceTree = "<group>"; };
/* End PBXFileReference section */

/* Begin PBXFrameworksBuildPhase section */
		D11926CC25DFD5E100BDDDF4 /* Frameworks */ = {
			isa = PBXFrameworksBuildPhase;
			buildActionMask = 2147483647;
			files = (
			);
			runOnlyForDeploymentPostprocessing = 0;
		};
/* End PBXFrameworksBuildPhase section */

/* Begin PBXGroup section */
		D118899D25E5C21E0018CF1C /* APIManager */ = {
			isa = PBXGroup;
			children = (
				D118899E25E5C2370018CF1C /* NetworkManager.swift */,
			);
			path = APIManager;
			sourceTree = "<group>";
		};
		D11889A225E5C5960018CF1C /* Models */ = {
			isa = PBXGroup;
			children = (
				D11889A325E5C5A50018CF1C /* Person.swift */,
				D11889A725E5C7230018CF1C /* SWAPIEnvelope.swift */,
				D11889AA25E5C7320018CF1C /* Film.swift */,
			);
			path = Models;
			sourceTree = "<group>";
		};
		D11926C625DFD5E100BDDDF4 = {
			isa = PBXGroup;
			children = (
				D11926D125DFD5E100BDDDF4 /* Generic */,
				D11926D025DFD5E100BDDDF4 /* Products */,
			);
			sourceTree = "<group>";
		};
		D11926D025DFD5E100BDDDF4 /* Products */ = {
			isa = PBXGroup;
			children = (
				D11926CF25DFD5E100BDDDF4 /* Generic.app */,
			);
			name = Products;
			sourceTree = "<group>";
		};
		D11926D125DFD5E100BDDDF4 /* Generic */ = {
			isa = PBXGroup;
			children = (
				D11889A225E5C5960018CF1C /* Models */,
				D118899D25E5C21E0018CF1C /* APIManager */,
				D11926D225DFD5E100BDDDF4 /* AppDelegate.swift */,
				D11926D425DFD5E100BDDDF4 /* SceneDelegate.swift */,
				D11926D625DFD5E100BDDDF4 /* ViewController.swift */,
				D11926D825DFD5E100BDDDF4 /* Main.storyboard */,
				D11926DB25DFD5E900BDDDF4 /* Assets.xcassets */,
				D11926DD25DFD5E900BDDDF4 /* LaunchScreen.storyboard */,
				D11926E025DFD5E900BDDDF4 /* Info.plist */,
				D118899A25E5AC6B0018CF1C /* StackExample.swift */,
			);
			path = Generic;
			sourceTree = "<group>";
		};
/* End PBXGroup section */

/* Begin PBXNativeTarget section */
		D11926CE25DFD5E100BDDDF4 /* Generic */ = {
			isa = PBXNativeTarget;
			buildConfigurationList = D11926E325DFD5E900BDDDF4 /* Build configuration list for PBXNativeTarget "Generic" */;
			buildPhases = (
				D11926CB25DFD5E100BDDDF4 /* Sources */,
				D11926CC25DFD5E100BDDDF4 /* Frameworks */,
				D11926CD25DFD5E100BDDDF4 /* Resources */,
			);
			buildRules = (
			);
			dependencies = (
			);
			name = Generic;
			productName = Generic;
			productReference = D11926CF25DFD5E100BDDDF4 /* Generic.app */;
			productType = "com.apple.product-type.application";
		};
/* End PBXNativeTarget section */

/* Begin PBXProject section */
		D11926C725DFD5E100BDDDF4 /* Project object */ = {
			isa = PBXProject;
			attributes = {
				LastSwiftUpdateCheck = 1240;
				LastUpgradeCheck = 1240;
				TargetAttributes = {
					D11926CE25DFD5E100BDDDF4 = {
						CreatedOnToolsVersion = 12.4;
					};
				};
			};
			buildConfigurationList = D11926CA25DFD5E100BDDDF4 /* Build configuration list for PBXProject "Generic" */;
			compatibilityVersion = "Xcode 9.3";
			developmentRegion = en;
			hasScannedForEncodings = 0;
			knownRegions = (
				en,
				Base,
			);
			mainGroup = D11926C625DFD5E100BDDDF4;
			productRefGroup = D11926D025DFD5E100BDDDF4 /* Products */;
			projectDirPath = "";
			projectRoot = "";
			targets = (
				D11926CE25DFD5E100BDDDF4 /* Generic */,
			);
		};
/* End PBXProject section */

/* Begin PBXResourcesBuildPhase section */
		D11926CD25DFD5E100BDDDF4 /* Resources */ = {
			isa = PBXResourcesBuildPhase;
			buildActionMask = 2147483647;
			files = (
				D11926DF25DFD5E900BDDDF4 /* LaunchScreen.storyboard in Resources */,
				D11926DC25DFD5E900BDDDF4 /* Assets.xcassets in Resources */,
				D11926DA25DFD5E100BDDDF4 /* Main.storyboard in Resources */,
			);
			runOnlyForDeploymentPostprocessing = 0;
		};
/* End PBXResourcesBuildPhase section */

/* Begin PBXSourcesBuildPhase section */
		D11926CB25DFD5E100BDDDF4 /* Sources */ = {
			isa = PBXSourcesBuildPhase;
			buildActionMask = 2147483647;
			files = (
				D11889A425E5C5A50018CF1C /* Person.swift in Sources */,
				D11889A825E5C7230018CF1C /* SWAPIEnvelope.swift in Sources */,
				D11926D725DFD5E100BDDDF4 /* ViewController.swift in Sources */,
				D11926D325DFD5E100BDDDF4 /* AppDelegate.swift in Sources */,
				D118899F25E5C2370018CF1C /* NetworkManager.swift in Sources */,
				D11889AB25E5C7320018CF1C /* Film.swift in Sources */,
				D11926D525DFD5E100BDDDF4 /* SceneDelegate.swift in Sources */,
				D118899B25E5AC6B0018CF1C /* StackExample.swift in Sources */,
			);
			runOnlyForDeploymentPostprocessing = 0;
		};
/* End PBXSourcesBuildPhase section */

/* Begin PBXVariantGroup section */
		D11926D825DFD5E100BDDDF4 /* Main.storyboard */ = {
			isa = PBXVariantGroup;
			children = (
				D11926D925DFD5E100BDDDF4 /* Base */,
			);
			name = Main.storyboard;
			sourceTree = "<group>";
		};
		D11926DD25DFD5E900BDDDF4 /* LaunchScreen.storyboard */ = {
			isa = PBXVariantGroup;
			children = (
				D11926DE25DFD5E900BDDDF4 /* Base */,
			);
			name = LaunchScreen.storyboard;
			sourceTree = "<group>";
		};
/* End PBXVariantGroup section */

/* Begin XCBuildConfiguration section */
		D11926E125DFD5E900BDDDF4 /* Debug */ = {
			isa = XCBuildConfiguration;
			buildSettings = {
				ALWAYS_SEARCH_USER_PATHS = NO;
				CLANG_ANALYZER_NONNULL = YES;
				CLANG_ANALYZER_NUMBER_OBJECT_CONVERSION = YES_AGGRESSIVE;
				CLANG_CXX_LANGUAGE_STANDARD = "gnu++14";
				CLANG_CXX_LIBRARY = "libc++";
				CLANG_ENABLE_MODULES = YES;
				CLANG_ENABLE_OBJC_ARC = YES;
				CLANG_ENABLE_OBJC_WEAK = YES;
				CLANG_WARN_BLOCK_CAPTURE_AUTORELEASING = YES;
				CLANG_WARN_BOOL_CONVERSION = YES;
				CLANG_WARN_COMMA = YES;
				CLANG_WARN_CONSTANT_CONVERSION = YES;
				CLANG_WARN_DEPRECATED_OBJC_IMPLEMENTATIONS = YES;
				CLANG_WARN_DIRECT_OBJC_ISA_USAGE = YES_ERROR;
				CLANG_WARN_DOCUMENTATION_COMMENTS = YES;
				CLANG_WARN_EMPTY_BODY = YES;
				CLANG_WARN_ENUM_CONVERSION = YES;
				CLANG_WARN_INFINITE_RECURSION = YES;
				CLANG_WARN_INT_CONVERSION = YES;
				CLANG_WARN_NON_LITERAL_NULL_CONVERSION = YES;
				CLANG_WARN_OBJC_IMPLICIT_RETAIN_SELF = YES;
				CLANG_WARN_OBJC_LITERAL_CONVERSION = YES;
				CLANG_WARN_OBJC_ROOT_CLASS = YES_ERROR;
				CLANG_WARN_QUOTED_INCLUDE_IN_FRAMEWORK_HEADER = YES;
				CLANG_WARN_RANGE_LOOP_ANALYSIS = YES;
				CLANG_WARN_STRICT_PROTOTYPES = YES;
				CLANG_WARN_SUSPICIOUS_MOVE = YES;
				CLANG_WARN_UNGUARDED_AVAILABILITY = YES_AGGRESSIVE;
				CLANG_WARN_UNREACHABLE_CODE = YES;
				CLANG_WARN__DUPLICATE_METHOD_MATCH = YES;
				COPY_PHASE_STRIP = NO;
				DEBUG_INFORMATION_FORMAT = dwarf;
				ENABLE_STRICT_OBJC_MSGSEND = YES;
				ENABLE_TESTABILITY = YES;
				GCC_C_LANGUAGE_STANDARD = gnu11;
				GCC_DYNAMIC_NO_PIC = NO;
				GCC_NO_COMMON_BLOCKS = YES;
				GCC_OPTIMIZATION_LEVEL = 0;
				GCC_PREPROCESSOR_DEFINITIONS = (
					"DEBUG=1",
					"$(inherited)",
				);
				GCC_WARN_64_TO_32_BIT_CONVERSION = YES;
				GCC_WARN_ABOUT_RETURN_TYPE = YES_ERROR;
				GCC_WARN_UNDECLARED_SELECTOR = YES;
				GCC_WARN_UNINITIALIZED_AUTOS = YES_AGGRESSIVE;
				GCC_WARN_UNUSED_FUNCTION = YES;
				GCC_WARN_UNUSED_VARIABLE = YES;
				IPHONEOS_DEPLOYMENT_TARGET = 14.4;
				MTL_ENABLE_DEBUG_INFO = INCLUDE_SOURCE;
				MTL_FAST_MATH = YES;
				ONLY_ACTIVE_ARCH = YES;
				SDKROOT = iphoneos;
				SWIFT_ACTIVE_COMPILATION_CONDITIONS = DEBUG;
				SWIFT_OPTIMIZATION_LEVEL = "-Onone";
			};
			name = Debug;
		};
		D11926E225DFD5E900BDDDF4 /* Release */ = {
			isa = XCBuildConfiguration;
			buildSettings = {
				ALWAYS_SEARCH_USER_PATHS = NO;
				CLANG_ANALYZER_NONNULL = YES;
				CLANG_ANALYZER_NUMBER_OBJECT_CONVERSION = YES_AGGRESSIVE;
				CLANG_CXX_LANGUAGE_STANDARD = "gnu++14";
				CLANG_CXX_LIBRARY = "libc++";
				CLANG_ENABLE_MODULES = YES;
				CLANG_ENABLE_OBJC_ARC = YES;
				CLANG_ENABLE_OBJC_WEAK = YES;
				CLANG_WARN_BLOCK_CAPTURE_AUTORELEASING = YES;
				CLANG_WARN_BOOL_CONVERSION = YES;
				CLANG_WARN_COMMA = YES;
				CLANG_WARN_CONSTANT_CONVERSION = YES;
				CLANG_WARN_DEPRECATED_OBJC_IMPLEMENTATIONS = YES;
				CLANG_WARN_DIRECT_OBJC_ISA_USAGE = YES_ERROR;
				CLANG_WARN_DOCUMENTATION_COMMENTS = YES;
				CLANG_WARN_EMPTY_BODY = YES;
				CLANG_WARN_ENUM_CONVERSION = YES;
				CLANG_WARN_INFINITE_RECURSION = YES;
				CLANG_WARN_INT_CONVERSION = YES;
				CLANG_WARN_NON_LITERAL_NULL_CONVERSION = YES;
				CLANG_WARN_OBJC_IMPLICIT_RETAIN_SELF = YES;
				CLANG_WARN_OBJC_LITERAL_CONVERSION = YES;
				CLANG_WARN_OBJC_ROOT_CLASS = YES_ERROR;
				CLANG_WARN_QUOTED_INCLUDE_IN_FRAMEWORK_HEADER = YES;
				CLANG_WARN_RANGE_LOOP_ANALYSIS = YES;
				CLANG_WARN_STRICT_PROTOTYPES = YES;
				CLANG_WARN_SUSPICIOUS_MOVE = YES;
				CLANG_WARN_UNGUARDED_AVAILABILITY = YES_AGGRESSIVE;
				CLANG_WARN_UNREACHABLE_CODE = YES;
				CLANG_WARN__DUPLICATE_METHOD_MATCH = YES;
				COPY_PHASE_STRIP = NO;
				DEBUG_INFORMATION_FORMAT = "dwarf-with-dsym";
				ENABLE_NS_ASSERTIONS = NO;
				ENABLE_STRICT_OBJC_MSGSEND = YES;
				GCC_C_LANGUAGE_STANDARD = gnu11;
				GCC_NO_COMMON_BLOCKS = YES;
				GCC_WARN_64_TO_32_BIT_CONVERSION = YES;
				GCC_WARN_ABOUT_RETURN_TYPE = YES_ERROR;
				GCC_WARN_UNDECLARED_SELECTOR = YES;
				GCC_WARN_UNINITIALIZED_AUTOS = YES_AGGRESSIVE;
				GCC_WARN_UNUSED_FUNCTION = YES;
				GCC_WARN_UNUSED_VARIABLE = YES;
				IPHONEOS_DEPLOYMENT_TARGET = 14.4;
				MTL_ENABLE_DEBUG_INFO = NO;
				MTL_FAST_MATH = YES;
				SDKROOT = iphoneos;
				SWIFT_COMPILATION_MODE = wholemodule;
				SWIFT_OPTIMIZATION_LEVEL = "-O";
				VALIDATE_PRODUCT = YES;
			};
			name = Release;
		};
		D11926E425DFD5E900BDDDF4 /* Debug */ = {
			isa = XCBuildConfiguration;
			buildSettings = {
				ASSETCATALOG_COMPILER_APPICON_NAME = AppIcon;
				ASSETCATALOG_COMPILER_GLOBAL_ACCENT_COLOR_NAME = AccentColor;
				CODE_SIGN_STYLE = Automatic;
				DEVELOPMENT_TEAM = Z56UVR5Q3Z;
				INFOPLIST_FILE = Generic/Info.plist;
				LD_RUNPATH_SEARCH_PATHS = (
					"$(inherited)",
					"@executable_path/Frameworks",
				);
				PRODUCT_BUNDLE_IDENTIFIER = com.justynakowalkowska.Generic;
				PRODUCT_NAME = "$(TARGET_NAME)";
				SWIFT_VERSION = 5.0;
				TARGETED_DEVICE_FAMILY = "1,2";
			};
			name = Debug;
		};
		D11926E525DFD5E900BDDDF4 /* Release */ = {
			isa = XCBuildConfiguration;
			buildSettings = {
				ASSETCATALOG_COMPILER_APPICON_NAME = AppIcon;
				ASSETCATALOG_COMPILER_GLOBAL_ACCENT_COLOR_NAME = AccentColor;
				CODE_SIGN_STYLE = Automatic;
				DEVELOPMENT_TEAM = Z56UVR5Q3Z;
				INFOPLIST_FILE = Generic/Info.plist;
				LD_RUNPATH_SEARCH_PATHS = (
					"$(inherited)",
					"@executable_path/Frameworks",
				);
				PRODUCT_BUNDLE_IDENTIFIER = com.justynakowalkowska.Generic;
				PRODUCT_NAME = "$(TARGET_NAME)";
				SWIFT_VERSION = 5.0;
				TARGETED_DEVICE_FAMILY = "1,2";
			};
			name = Release;
		};
/* End XCBuildConfiguration section */

/* Begin XCConfigurationList section */
		D11926CA25DFD5E100BDDDF4 /* Build configuration list for PBXProject "Generic" */ = {
			isa = XCConfigurationList;
			buildConfigurations = (
				D11926E125DFD5E900BDDDF4 /* Debug */,
				D11926E225DFD5E900BDDDF4 /* Release */,
			);
			defaultConfigurationIsVisible = 0;
			defaultConfigurationName = Release;
		};
		D11926E325DFD5E900BDDDF4 /* Build configuration list for PBXNativeTarget "Generic" */ = {
			isa = XCConfigurationList;
			buildConfigurations = (
				D11926E425DFD5E900BDDDF4 /* Debug */,
				D11926E525DFD5E900BDDDF4 /* Release */,
			);
			defaultConfigurationIsVisible = 0;
			defaultConfigurationName = Release;
		};
/* End XCConfigurationList section */
	};
	rootObject = D11926C725DFD5E100BDDDF4 /* Project object */;
}
